
Microsoft Visual Studio Solution File, Format Version 12.00
Project("{FAE04EC0-301F-11D3-BF4B-00C04F79EFBC}") = "MetalGear", "MetalGear\MetalGear.csproj", "{D3604B96-E62B-426C-8C54-B6A159F5B780}"
EndProject
Global
	GlobalSection(SolutionConfigurationPlatforms) = preSolution
		Debug|Any CPU = Debug|Any CPU
		Release|Any CPU = Release|Any CPU
	EndGlobalSection
	GlobalSection(ProjectConfigurationPlatforms) = postSolution
		{D3604B96-E62B-426C-8C54-B6A159F5B780}.Debug|Any CPU.ActiveCfg = Debug|Any CPU
		{D3604B96-E62B-426C-8C54-B6A159F5B780}.Debug|Any CPU.Build.0 = Debug|Any CPU
		{D3604B96-E62B-426C-8C54-B6A159F5B780}.Release|Any CPU.ActiveCfg = Release|Any CPU
		{D3604B96-E62B-426C-8C54-B6A159F5B780}.Release|Any CPU.Build.0 = Release|Any CPU
	EndGlobalSection
EndGlobal
